// !$*UTF8*$!
{
	archiveVersion = 1;
	classes = {
	};
	objectVersion = 56;
	objects = {

/* Begin PBXBuildFile section */
		14DE56802B67269D00A2C6D9 /* AppDelegate.swift in Sources */ = {isa = PBXBuildFile; fileRef = 14DE567F2B67269D00A2C6D9 /* AppDelegate.swift */; };
		14DE56822B67269D00A2C6D9 /* SceneDelegate.swift in Sources */ = {isa = PBXBuildFile; fileRef = 14DE56812B67269D00A2C6D9 /* SceneDelegate.swift */; };
		14DE56842B67269D00A2C6D9 /* ViewController.swift in Sources */ = {isa = PBXBuildFile; fileRef = 14DE56832B67269D00A2C6D9 /* ViewController.swift */; };
		14DE568A2B67269D00A2C6D9 /* NBCInstaClone.xcdatamodeld in Sources */ = {isa = PBXBuildFile; fileRef = 14DE56882B67269D00A2C6D9 /* NBCInstaClone.xcdatamodeld */; };
		14DE568C2B6726A100A2C6D9 /* Assets.xcassets in Resources */ = {isa = PBXBuildFile; fileRef = 14DE568B2B6726A100A2C6D9 /* Assets.xcassets */; };
		14DE568F2B6726A100A2C6D9 /* LaunchScreen.storyboard in Resources */ = {isa = PBXBuildFile; fileRef = 14DE568D2B6726A100A2C6D9 /* LaunchScreen.storyboard */; };
		14DE569A2B677E3F00A2C6D9 /* CollectionViewCell.swift in Sources */ = {isa = PBXBuildFile; fileRef = 14DE56992B677E3F00A2C6D9 /* CollectionViewCell.swift */; };
		14DE56A02B68E67900A2C6D9 /* GridCollectionViewFlowLayout.swift in Sources */ = {isa = PBXBuildFile; fileRef = 14DE569F2B68E67900A2C6D9 /* GridCollectionViewFlowLayout.swift */; };
		14DE56A22B69CEE700A2C6D9 /* ProfileViewController.swift in Sources */ = {isa = PBXBuildFile; fileRef = 14DE56A12B69CEE700A2C6D9 /* ProfileViewController.swift */; };
/* End PBXBuildFile section */

/* Begin PBXFileReference section */
		14DE567C2B67269D00A2C6D9 /* NBCInstaClone.app */ = {isa = PBXFileReference; explicitFileType = wrapper.application; includeInIndex = 0; path = NBCInstaClone.app; sourceTree = BUILT_PRODUCTS_DIR; };
		14DE567F2B67269D00A2C6D9 /* AppDelegate.swift */ = {isa = PBXFileReference; lastKnownFileType = sourcecode.swift; path = AppDelegate.swift; sourceTree = "<group>"; };
		14DE56812B67269D00A2C6D9 /* SceneDelegate.swift */ = {isa = PBXFileReference; lastKnownFileType = sourcecode.swift; path = SceneDelegate.swift; sourceTree = "<group>"; };
		14DE56832B67269D00A2C6D9 /* ViewController.swift */ = {isa = PBXFileReference; lastKnownFileType = sourcecode.swift; path = ViewController.swift; sourceTree = "<group>"; };
		14DE56892B67269D00A2C6D9 /* NBCInstaClone.xcdatamodel */ = {isa = PBXFileReference; lastKnownFileType = wrapper.xcdatamodel; path = NBCInstaClone.xcdatamodel; sourceTree = "<group>"; };
		14DE568B2B6726A100A2C6D9 /* Assets.xcassets */ = {isa = PBXFileReference; lastKnownFileType = folder.assetcatalog; path = Assets.xcassets; sourceTree = "<group>"; };
		14DE568E2B6726A100A2C6D9 /* Base */ = {isa = PBXFileReference; lastKnownFileType = file.storyboard; name = Base; path = Base.lproj/LaunchScreen.storyboard; sourceTree = "<group>"; };
		14DE56902B6726A100A2C6D9 /* Info.plist */ = {isa = PBXFileReference; lastKnownFileType = text.plist.xml; path = Info.plist; sourceTree = "<group>"; };
		14DE56992B677E3F00A2C6D9 /* CollectionViewCell.swift */ = {isa = PBXFileReference; lastKnownFileType = sourcecode.swift; path = CollectionViewCell.swift; sourceTree = "<group>"; };
		14DE569F2B68E67900A2C6D9 /* GridCollectionViewFlowLayout.swift */ = {isa = PBXFileReference; lastKnownFileType = sourcecode.swift; path = GridCollectionViewFlowLayout.swift; sourceTree = "<group>"; };
		14DE56A12B69CEE700A2C6D9 /* ProfileViewController.swift */ = {isa = PBXFileReference; lastKnownFileType = sourcecode.swift; path = ProfileViewController.swift; sourceTree = "<group>"; };
/* End PBXFileReference section */

/* Begin PBXFrameworksBuildPhase section */
		14DE56792B67269D00A2C6D9 /* Frameworks */ = {
			isa = PBXFrameworksBuildPhase;
			buildActionMask = 2147483647;
			files = (
			);
			runOnlyForDeploymentPostprocessing = 0;
		};
/* End PBXFrameworksBuildPhase section */

/* Begin PBXGroup section */
		14DE56732B67269D00A2C6D9 = {
			isa = PBXGroup;
			children = (
				14DE567E2B67269D00A2C6D9 /* NBCInstaClone */,
				14DE567D2B67269D00A2C6D9 /* Products */,
			);
			sourceTree = "<group>";
		};
		14DE567D2B67269D00A2C6D9 /* Products */ = {
			isa = PBXGroup;
			children = (
				14DE567C2B67269D00A2C6D9 /* NBCInstaClone.app */,
			);
			name = Products;
			sourceTree = "<group>";
		};
		14DE567E2B67269D00A2C6D9 /* NBCInstaClone */ = {
			isa = PBXGroup;
			children = (
				14DE567F2B67269D00A2C6D9 /* AppDelegate.swift */,
				14DE56812B67269D00A2C6D9 /* SceneDelegate.swift */,
				14DE56832B67269D00A2C6D9 /* ViewController.swift */,
				14DE56A12B69CEE700A2C6D9 /* ProfileViewController.swift */,
				14DE56992B677E3F00A2C6D9 /* CollectionViewCell.swift */,
				14DE569F2B68E67900A2C6D9 /* GridCollectionViewFlowLayout.swift */,
				14DE568B2B6726A100A2C6D9 /* Assets.xcassets */,
				14DE568D2B6726A100A2C6D9 /* LaunchScreen.storyboard */,
				14DE56902B6726A100A2C6D9 /* Info.plist */,
				14DE56882B67269D00A2C6D9 /* NBCInstaClone.xcdatamodeld */,
			);
			path = NBCInstaClone;
			sourceTree = "<group>";
		};
/* End PBXGroup section */

/* Begin PBXNativeTarget section */
		14DE567B2B67269D00A2C6D9 /* NBCInstaClone */ = {
			isa = PBXNativeTarget;
			buildConfigurationList = 14DE56932B6726A100A2C6D9 /* Build configuration list for PBXNativeTarget "NBCInstaClone" */;
			buildPhases = (
				14DE56782B67269D00A2C6D9 /* Sources */,
				14DE56792B67269D00A2C6D9 /* Frameworks */,
				14DE567A2B67269D00A2C6D9 /* Resources */,
			);
			buildRules = (
			);
			dependencies = (
			);
			name = NBCInstaClone;
			productName = NBCInstaClone;
			productReference = 14DE567C2B67269D00A2C6D9 /* NBCInstaClone.app */;
			productType = "com.apple.product-type.application";
		};
/* End PBXNativeTarget section */

/* Begin PBXProject section */
		14DE56742B67269D00A2C6D9 /* Project object */ = {
			isa = PBXProject;
			attributes = {
				BuildIndependentTargetsInParallel = 1;
				LastSwiftUpdateCheck = 1520;
				LastUpgradeCheck = 1520;
				TargetAttributes = {
					14DE567B2B67269D00A2C6D9 = {
						CreatedOnToolsVersion = 15.2;
					};
				};
			};
			buildConfigurationList = 14DE56772B67269D00A2C6D9 /* Build configuration list for PBXProject "NBCInstaClone" */;
			compatibilityVersion = "Xcode 14.0";
			developmentRegion = en;
			hasScannedForEncodings = 0;
			knownRegions = (
				en,
				Base,
			);
			mainGroup = 14DE56732B67269D00A2C6D9;
			productRefGroup = 14DE567D2B67269D00A2C6D9 /* Products */;
			projectDirPath = "";
			projectRoot = "";
			targets = (
				14DE567B2B67269D00A2C6D9 /* NBCInstaClone */,
			);
		};
/* End PBXProject section */

/* Begin PBXResourcesBuildPhase section */
		14DE567A2B67269D00A2C6D9 /* Resources */ = {
			isa = PBXResourcesBuildPhase;
			buildActionMask = 2147483647;
			files = (
				14DE568F2B6726A100A2C6D9 /* LaunchScreen.storyboard in Resources */,
				14DE568C2B6726A100A2C6D9 /* Assets.xcassets in Resources */,
			);
			runOnlyForDeploymentPostprocessing = 0;
		};
/* End PBXResourcesBuildPhase section */

/* Begin PBXSourcesBuildPhase section */
		14DE56782B67269D00A2C6D9 /* Sources */ = {
			isa = PBXSourcesBuildPhase;
			buildActionMask = 2147483647;
			files = (
				14DE569A2B677E3F00A2C6D9 /* CollectionViewCell.swift in Sources */,
				14DE56842B67269D00A2C6D9 /* ViewController.swift in Sources */,
				14DE568A2B67269D00A2C6D9 /* NBCInstaClone.xcdatamodeld in Sources */,
				14DE56802B67269D00A2C6D9 /* AppDelegate.swift in Sources */,
				14DE56822B67269D00A2C6D9 /* SceneDelegate.swift in Sources */,
				14DE56A22B69CEE700A2C6D9 /* ProfileViewController.swift in Sources */,
				14DE56A02B68E67900A2C6D9 /* GridCollectionViewFlowLayout.swift in Sources */,
			);
			runOnlyForDeploymentPostprocessing = 0;
		};
/* End PBXSourcesBuildPhase section */

/* Begin PBXVariantGroup section */
		14DE568D2B6726A100A2C6D9 /* LaunchScreen.storyboard */ = {
			isa = PBXVariantGroup;
			children = (
				14DE568E2B6726A100A2C6D9 /* Base */,
			);
			name = LaunchScreen.storyboard;
			sourceTree = "<group>";
		};
/* End PBXVariantGroup section */

/* Begin XCBuildConfiguration section */
		14DE56912B6726A100A2C6D9 /* Debug */ = {
			isa = XCBuildConfiguration;
			buildSettings = {
				ALWAYS_SEARCH_USER_PATHS = NO;
				ASSETCATALOG_COMPILER_GENERATE_SWIFT_ASSET_SYMBOL_EXTENSIONS = YES;
				CLANG_ANALYZER_NONNULL = YES;
				CLANG_ANALYZER_NUMBER_OBJECT_CONVERSION = YES_AGGRESSIVE;
				CLANG_CXX_LANGUAGE_STANDARD = "gnu++20";
				CLANG_ENABLE_MODULES = YES;
				CLANG_ENABLE_OBJC_ARC = YES;
				CLANG_ENABLE_OBJC_WEAK = YES;
				CLANG_WARN_BLOCK_CAPTURE_AUTORELEASING = YES;
				CLANG_WARN_BOOL_CONVERSION = YES;
				CLANG_WARN_COMMA = YES;
				CLANG_WARN_CONSTANT_CONVERSION = YES;
				CLANG_WARN_DEPRECATED_OBJC_IMPLEMENTATIONS = YES;
				CLANG_WARN_DIRECT_OBJC_ISA_USAGE = YES_ERROR;
				CLANG_WARN_DOCUMENTATION_COMMENTS = YES;
				CLANG_WARN_EMPTY_BODY = YES;
				CLANG_WARN_ENUM_CONVERSION = YES;
				CLANG_WARN_INFINITE_RECURSION = YES;
				CLANG_WARN_INT_CONVERSION = YES;
				CLANG_WARN_NON_LITERAL_NULL_CONVERSION = YES;
				CLANG_WARN_OBJC_IMPLICIT_RETAIN_SELF = YES;
				CLANG_WARN_OBJC_LITERAL_CONVERSION = YES;
				CLANG_WARN_OBJC_ROOT_CLASS = YES_ERROR;
				CLANG_WARN_QUOTED_INCLUDE_IN_FRAMEWORK_HEADER = YES;
				CLANG_WARN_RANGE_LOOP_ANALYSIS = YES;
				CLANG_WARN_STRICT_PROTOTYPES = YES;
				CLANG_WARN_SUSPICIOUS_MOVE = YES;
				CLANG_WARN_UNGUARDED_AVAILABILITY = YES_AGGRESSIVE;
				CLANG_WARN_UNREACHABLE_CODE = YES;
				CLANG_WARN__DUPLICATE_METHOD_MATCH = YES;
				COPY_PHASE_STRIP = NO;
				DEBUG_INFORMATION_FORMAT = dwarf;
				ENABLE_STRICT_OBJC_MSGSEND = YES;
				ENABLE_TESTABILITY = YES;
				ENABLE_USER_SCRIPT_SANDBOXING = YES;
				GCC_C_LANGUAGE_STANDARD = gnu17;
				GCC_DYNAMIC_NO_PIC = NO;
				GCC_NO_COMMON_BLOCKS = YES;
				GCC_OPTIMIZATION_LEVEL = 0;
				GCC_PREPROCESSOR_DEFINITIONS = (
					"DEBUG=1",
					"$(inherited)",
				);
				GCC_WARN_64_TO_32_BIT_CONVERSION = YES;
				GCC_WARN_ABOUT_RETURN_TYPE = YES_ERROR;
				GCC_WARN_UNDECLARED_SELECTOR = YES;
				GCC_WARN_UNINITIALIZED_AUTOS = YES_AGGRESSIVE;
				GCC_WARN_UNUSED_FUNCTION = YES;
				GCC_WARN_UNUSED_VARIABLE = YES;
				IPHONEOS_DEPLOYMENT_TARGET = 17.2;
				LOCALIZATION_PREFERS_STRING_CATALOGS = YES;
				MTL_ENABLE_DEBUG_INFO = INCLUDE_SOURCE;
				MTL_FAST_MATH = YES;
				ONLY_ACTIVE_ARCH = YES;
				SDKROOT = iphoneos;
				SWIFT_ACTIVE_COMPILATION_CONDITIONS = "DEBUG $(inherited)";
				SWIFT_OPTIMIZATION_LEVEL = "-Onone";
			};
			name = Debug;
		};
		14DE56922B6726A100A2C6D9 /* Release */ = {
			isa = XCBuildConfiguration;
			buildSettings = {
				ALWAYS_SEARCH_USER_PATHS = NO;
				ASSETCATALOG_COMPILER_GENERATE_SWIFT_ASSET_SYMBOL_EXTENSIONS = YES;
				CLANG_ANALYZER_NONNULL = YES;
				CLANG_ANALYZER_NUMBER_OBJECT_CONVERSION = YES_AGGRESSIVE;
				CLANG_CXX_LANGUAGE_STANDARD = "gnu++20";
				CLANG_ENABLE_MODULES = YES;
				CLANG_ENABLE_OBJC_ARC = YES;
				CLANG_ENABLE_OBJC_WEAK = YES;
				CLANG_WARN_BLOCK_CAPTURE_AUTORELEASING = YES;
				CLANG_WARN_BOOL_CONVERSION = YES;
				CLANG_WARN_COMMA = YES;
				CLANG_WARN_CONSTANT_CONVERSION = YES;
				CLANG_WARN_DEPRECATED_OBJC_IMPLEMENTATIONS = YES;
				CLANG_WARN_DIRECT_OBJC_ISA_USAGE = YES_ERROR;
				CLANG_WARN_DOCUMENTATION_COMMENTS = YES;
				CLANG_WARN_EMPTY_BODY = YES;
				CLANG_WARN_ENUM_CONVERSION = YES;
				CLANG_WARN_INFINITE_RECURSION = YES;
				CLANG_WARN_INT_CONVERSION = YES;
				CLANG_WARN_NON_LITERAL_NULL_CONVERSION = YES;
				CLANG_WARN_OBJC_IMPLICIT_RETAIN_SELF = YES;
				CLANG_WARN_OBJC_LITERAL_CONVERSION = YES;
				CLANG_WARN_OBJC_ROOT_CLASS = YES_ERROR;
				CLANG_WARN_QUOTED_INCLUDE_IN_FRAMEWORK_HEADER = YES;
				CLANG_WARN_RANGE_LOOP_ANALYSIS = YES;
				CLANG_WARN_STRICT_PROTOTYPES = YES;
				CLANG_WARN_SUSPICIOUS_MOVE = YES;
				CLANG_WARN_UNGUARDED_AVAILABILITY = YES_AGGRESSIVE;
				CLANG_WARN_UNREACHABLE_CODE = YES;
				CLANG_WARN__DUPLICATE_METHOD_MATCH = YES;
				COPY_PHASE_STRIP = NO;
				DEBUG_INFORMATION_FORMAT = "dwarf-with-dsym";
				ENABLE_NS_ASSERTIONS = NO;
				ENABLE_STRICT_OBJC_MSGSEND = YES;
				ENABLE_USER_SCRIPT_SANDBOXING = YES;
				GCC_C_LANGUAGE_STANDARD = gnu17;
				GCC_NO_COMMON_BLOCKS = YES;
				GCC_WARN_64_TO_32_BIT_CONVERSION = YES;
				GCC_WARN_ABOUT_RETURN_TYPE = YES_ERROR;
				GCC_WARN_UNDECLARED_SELECTOR = YES;
				GCC_WARN_UNINITIALIZED_AUTOS = YES_AGGRESSIVE;
				GCC_WARN_UNUSED_FUNCTION = YES;
				GCC_WARN_UNUSED_VARIABLE = YES;
				IPHONEOS_DEPLOYMENT_TARGET = 17.2;
				LOCALIZATION_PREFERS_STRING_CATALOGS = YES;
				MTL_ENABLE_DEBUG_INFO = NO;
				MTL_FAST_MATH = YES;
				SDKROOT = iphoneos;
				SWIFT_COMPILATION_MODE = wholemodule;
				VALIDATE_PRODUCT = YES;
			};
			name = Release;
		};
		14DE56942B6726A100A2C6D9 /* Debug */ = {
			isa = XCBuildConfiguration;
			buildSettings = {
				ASSETCATALOG_COMPILER_APPICON_NAME = AppIcon;
				ASSETCATALOG_COMPILER_GLOBAL_ACCENT_COLOR_NAME = AccentColor;
				CODE_SIGN_STYLE = Automatic;
				CURRENT_PROJECT_VERSION = 1;
				GENERATE_INFOPLIST_FILE = YES;
				INFOPLIST_FILE = NBCInstaClone/Info.plist;
				INFOPLIST_KEY_UIApplicationSupportsIndirectInputEvents = YES;
				INFOPLIST_KEY_UILaunchStoryboardName = LaunchScreen;
				INFOPLIST_KEY_UISupportedInterfaceOrientations_iPad = "UIInterfaceOrientationPortrait UIInterfaceOrientationPortraitUpsideDown UIInterfaceOrientationLandscapeLeft UIInterfaceOrientationLandscapeRight";
				INFOPLIST_KEY_UISupportedInterfaceOrientations_iPhone = "UIInterfaceOrientationPortrait UIInterfaceOrientationLandscapeLeft UIInterfaceOrientationLandscapeRight";
				IPHONEOS_DEPLOYMENT_TARGET = 15.0;
				LD_RUNPATH_SEARCH_PATHS = (
					"$(inherited)",
					"@executable_path/Frameworks",
				);
				MARKETING_VERSION = 1.0;
				PRODUCT_BUNDLE_IDENTIFIER = com.kyhyun.NBCInstaClone;
				PRODUCT_NAME = "$(TARGET_NAME)";
				SWIFT_EMIT_LOC_STRINGS = YES;
				SWIFT_VERSION = 5.0;
				TARGETED_DEVICE_FAMILY = "1,2";
			};
			name = Debug;
		};
		14DE56952B6726A100A2C6D9 /* Release */ = {
			isa = XCBuildConfiguration;
			buildSettings = {
				ASSETCATALOG_COMPILER_APPICON_NAME = AppIcon;
				ASSETCATALOG_COMPILER_GLOBAL_ACCENT_COLOR_NAME = AccentColor;
				CODE_SIGN_STYLE = Automatic;
				CURRENT_PROJECT_VERSION = 1;
				GENERATE_INFOPLIST_FILE = YES;
				INFOPLIST_FILE = NBCInstaClone/Info.plist;
				INFOPLIST_KEY_UIApplicationSupportsIndirectInputEvents = YES;
				INFOPLIST_KEY_UILaunchStoryboardName = LaunchScreen;
				INFOPLIST_KEY_UISupportedInterfaceOrientations_iPad = "UIInterfaceOrientationPortrait UIInterfaceOrientationPortraitUpsideDown UIInterfaceOrientationLandscapeLeft UIInterfaceOrientationLandscapeRight";
				INFOPLIST_KEY_UISupportedInterfaceOrientations_iPhone = "UIInterfaceOrientationPortrait UIInterfaceOrientationLandscapeLeft UIInterfaceOrientationLandscapeRight";
				IPHONEOS_DEPLOYMENT_TARGET = 15.0;
				LD_RUNPATH_SEARCH_PATHS = (
					"$(inherited)",
					"@executable_path/Frameworks",
				);
				MARKETING_VERSION = 1.0;
				PRODUCT_BUNDLE_IDENTIFIER = com.kyhyun.NBCInstaClone;
				PRODUCT_NAME = "$(TARGET_NAME)";
				SWIFT_EMIT_LOC_STRINGS = YES;
				SWIFT_VERSION = 5.0;
				TARGETED_DEVICE_FAMILY = "1,2";
			};
			name = Release;
		};
/* End XCBuildConfiguration section */

/* Begin XCConfigurationList section */
		14DE56772B67269D00A2C6D9 /* Build configuration list for PBXProject "NBCInstaClone" */ = {
			isa = XCConfigurationList;
			buildConfigurations = (
				14DE56912B6726A100A2C6D9 /* Debug */,
				14DE56922B6726A100A2C6D9 /* Release */,
			);
			defaultConfigurationIsVisible = 0;
			defaultConfigurationName = Release;
		};
		14DE56932B6726A100A2C6D9 /* Build configuration list for PBXNativeTarget "NBCInstaClone" */ = {
			isa = XCConfigurationList;
			buildConfigurations = (
				14DE56942B6726A100A2C6D9 /* Debug */,
				14DE56952B6726A100A2C6D9 /* Release */,
			);
			defaultConfigurationIsVisible = 0;
			defaultConfigurationName = Release;
		};
/* End XCConfigurationList section */

/* Begin XCVersionGroup section */
		14DE56882B67269D00A2C6D9 /* NBCInstaClone.xcdatamodeld */ = {
			isa = XCVersionGroup;
			children = (
				14DE56892B67269D00A2C6D9 /* NBCInstaClone.xcdatamodel */,
			);
			currentVersion = 14DE56892B67269D00A2C6D9 /* NBCInstaClone.xcdatamodel */;
			path = NBCInstaClone.xcdatamodeld;
			sourceTree = "<group>";
			versionGroupType = wrapper.xcdatamodel;
		};
/* End XCVersionGroup section */
	};
	rootObject = 14DE56742B67269D00A2C6D9 /* Project object */;
}
